// !$*UTF8*$!
{
	archiveVersion = 1;
	classes = {
	};
	objectVersion = 50;
	objects = {

/* Begin PBXBuildFile section */
		B78D5F35239B08B700D4E6EE /* AppDelegate.swift in Sources */ = {isa = PBXBuildFile; fileRef = B78D5F34239B08B700D4E6EE /* AppDelegate.swift */; };
		B78D5F37239B08B700D4E6EE /* SceneDelegate.swift in Sources */ = {isa = PBXBuildFile; fileRef = B78D5F36239B08B700D4E6EE /* SceneDelegate.swift */; };
		B78D5F39239B08B700D4E6EE /* ViewController.swift in Sources */ = {isa = PBXBuildFile; fileRef = B78D5F38239B08B700D4E6EE /* ViewController.swift */; };
		B78D5F3C239B08B700D4E6EE /* Main.storyboard in Resources */ = {isa = PBXBuildFile; fileRef = B78D5F3A239B08B700D4E6EE /* Main.storyboard */; };
		B78D5F3E239B08B900D4E6EE /* Assets.xcassets in Resources */ = {isa = PBXBuildFile; fileRef = B78D5F3D239B08B900D4E6EE /* Assets.xcassets */; };
		B78D5F41239B08B900D4E6EE /* LaunchScreen.storyboard in Resources */ = {isa = PBXBuildFile; fileRef = B78D5F3F239B08B900D4E6EE /* LaunchScreen.storyboard */; };
		B7A42C9223A0382A00DDA351 /* NetworkHelper.swift in Sources */ = {isa = PBXBuildFile; fileRef = B7A42C9123A0382A00DDA351 /* NetworkHelper.swift */; };
		B7A42C9423A03A3E00DDA351 /* AppError.swift in Sources */ = {isa = PBXBuildFile; fileRef = B7A42C9323A03A3E00DDA351 /* AppError.swift */; };
		B7A42C9623A046F600DDA351 /* ComicClientAPI.swift in Sources */ = {isa = PBXBuildFile; fileRef = B7A42C9523A046F600DDA351 /* ComicClientAPI.swift */; };
		B7A42C9823A048D300DDA351 /* Model.swift in Sources */ = {isa = PBXBuildFile; fileRef = B7A42C9723A048D300DDA351 /* Model.swift */; };
/* End PBXBuildFile section */

/* Begin PBXFileReference section */
		B78D5F31239B08B700D4E6EE /* XKCDComicViewer.app */ = {isa = PBXFileReference; explicitFileType = wrapper.application; includeInIndex = 0; path = XKCDComicViewer.app; sourceTree = BUILT_PRODUCTS_DIR; };
		B78D5F34239B08B700D4E6EE /* AppDelegate.swift */ = {isa = PBXFileReference; lastKnownFileType = sourcecode.swift; path = AppDelegate.swift; sourceTree = "<group>"; };
		B78D5F36239B08B700D4E6EE /* SceneDelegate.swift */ = {isa = PBXFileReference; lastKnownFileType = sourcecode.swift; path = SceneDelegate.swift; sourceTree = "<group>"; };
		B78D5F38239B08B700D4E6EE /* ViewController.swift */ = {isa = PBXFileReference; lastKnownFileType = sourcecode.swift; path = ViewController.swift; sourceTree = "<group>"; };
		B78D5F3B239B08B700D4E6EE /* Base */ = {isa = PBXFileReference; lastKnownFileType = file.storyboard; name = Base; path = Base.lproj/Main.storyboard; sourceTree = "<group>"; };
		B78D5F3D239B08B900D4E6EE /* Assets.xcassets */ = {isa = PBXFileReference; lastKnownFileType = folder.assetcatalog; path = Assets.xcassets; sourceTree = "<group>"; };
		B78D5F40239B08B900D4E6EE /* Base */ = {isa = PBXFileReference; lastKnownFileType = file.storyboard; name = Base; path = Base.lproj/LaunchScreen.storyboard; sourceTree = "<group>"; };
		B78D5F42239B08B900D4E6EE /* Info.plist */ = {isa = PBXFileReference; lastKnownFileType = text.plist.xml; path = Info.plist; sourceTree = "<group>"; };
		B7A42C9123A0382A00DDA351 /* NetworkHelper.swift */ = {isa = PBXFileReference; lastKnownFileType = sourcecode.swift; path = NetworkHelper.swift; sourceTree = "<group>"; };
		B7A42C9323A03A3E00DDA351 /* AppError.swift */ = {isa = PBXFileReference; lastKnownFileType = sourcecode.swift; path = AppError.swift; sourceTree = "<group>"; };
		B7A42C9523A046F600DDA351 /* ComicClientAPI.swift */ = {isa = PBXFileReference; lastKnownFileType = sourcecode.swift; path = ComicClientAPI.swift; sourceTree = "<group>"; };
		B7A42C9723A048D300DDA351 /* Model.swift */ = {isa = PBXFileReference; lastKnownFileType = sourcecode.swift; path = Model.swift; sourceTree = "<group>"; };
/* End PBXFileReference section */

/* Begin PBXFrameworksBuildPhase section */
		B78D5F2E239B08B700D4E6EE /* Frameworks */ = {
			isa = PBXFrameworksBuildPhase;
			buildActionMask = 2147483647;
			files = (
			);
			runOnlyForDeploymentPostprocessing = 0;
		};
/* End PBXFrameworksBuildPhase section */

/* Begin PBXGroup section */
		B78D5F28239B08B700D4E6EE = {
			isa = PBXGroup;
			children = (
				B78D5F33239B08B700D4E6EE /* XKCDComicViewer */,
				B78D5F32239B08B700D4E6EE /* Products */,
			);
			sourceTree = "<group>";
		};
		B78D5F32239B08B700D4E6EE /* Products */ = {
			isa = PBXGroup;
			children = (
				B78D5F31239B08B700D4E6EE /* XKCDComicViewer.app */,
			);
			name = Products;
			sourceTree = "<group>";
		};
		B78D5F33239B08B700D4E6EE /* XKCDComicViewer */ = {
			isa = PBXGroup;
			children = (
				B78D5F34239B08B700D4E6EE /* AppDelegate.swift */,
				B78D5F36239B08B700D4E6EE /* SceneDelegate.swift */,
				B78D5F38239B08B700D4E6EE /* ViewController.swift */,
				B7A42C9523A046F600DDA351 /* ComicClientAPI.swift */,
				B7A42C9723A048D300DDA351 /* Model.swift */,
				B7A42C9123A0382A00DDA351 /* NetworkHelper.swift */,
				B7A42C9323A03A3E00DDA351 /* AppError.swift */,
				B78D5F3A239B08B700D4E6EE /* Main.storyboard */,
				B78D5F3D239B08B900D4E6EE /* Assets.xcassets */,
				B78D5F3F239B08B900D4E6EE /* LaunchScreen.storyboard */,
				B78D5F42239B08B900D4E6EE /* Info.plist */,
			);
			path = XKCDComicViewer;
			sourceTree = "<group>";
		};
/* End PBXGroup section */

/* Begin PBXNativeTarget section */
		B78D5F30239B08B700D4E6EE /* XKCDComicViewer */ = {
			isa = PBXNativeTarget;
			buildConfigurationList = B78D5F45239B08B900D4E6EE /* Build configuration list for PBXNativeTarget "XKCDComicViewer" */;
			buildPhases = (
				B78D5F2D239B08B700D4E6EE /* Sources */,
				B78D5F2E239B08B700D4E6EE /* Frameworks */,
				B78D5F2F239B08B700D4E6EE /* Resources */,
			);
			buildRules = (
			);
			dependencies = (
			);
			name = XKCDComicViewer;
			productName = XKCDComicViewer;
			productReference = B78D5F31239B08B700D4E6EE /* XKCDComicViewer.app */;
			productType = "com.apple.product-type.application";
		};
/* End PBXNativeTarget section */

/* Begin PBXProject section */
		B78D5F29239B08B700D4E6EE /* Project object */ = {
			isa = PBXProject;
			attributes = {
				LastSwiftUpdateCheck = 1120;
				LastUpgradeCheck = 1120;
				ORGANIZATIONNAME = "Brendon Cecilio";
				TargetAttributes = {
					B78D5F30239B08B700D4E6EE = {
						CreatedOnToolsVersion = 11.2.1;
					};
				};
			};
			buildConfigurationList = B78D5F2C239B08B700D4E6EE /* Build configuration list for PBXProject "XKCDComicViewer" */;
			compatibilityVersion = "Xcode 9.3";
			developmentRegion = en;
			hasScannedForEncodings = 0;
			knownRegions = (
				en,
				Base,
			);
			mainGroup = B78D5F28239B08B700D4E6EE;
			productRefGroup = B78D5F32239B08B700D4E6EE /* Products */;
			projectDirPath = "";
			projectRoot = "";
			targets = (
				B78D5F30239B08B700D4E6EE /* XKCDComicViewer */,
			);
		};
/* End PBXProject section */

/* Begin PBXResourcesBuildPhase section */
		B78D5F2F239B08B700D4E6EE /* Resources */ = {
			isa = PBXResourcesBuildPhase;
			buildActionMask = 2147483647;
			files = (
				B78D5F41239B08B900D4E6EE /* LaunchScreen.storyboard in Resources */,
				B78D5F3E239B08B900D4E6EE /* Assets.xcassets in Resources */,
				B78D5F3C239B08B700D4E6EE /* Main.storyboard in Resources */,
			);
			runOnlyForDeploymentPostprocessing = 0;
		};
/* End PBXResourcesBuildPhase section */

/* Begin PBXSourcesBuildPhase section */
		B78D5F2D239B08B700D4E6EE /* Sources */ = {
			isa = PBXSourcesBuildPhase;
			buildActionMask = 2147483647;
			files = (
				B7A42C9823A048D300DDA351 /* Model.swift in Sources */,
				B78D5F39239B08B700D4E6EE /* ViewController.swift in Sources */,
				B7A42C9223A0382A00DDA351 /* NetworkHelper.swift in Sources */,
				B7A42C9623A046F600DDA351 /* ComicClientAPI.swift in Sources */,
				B7A42C9423A03A3E00DDA351 /* AppError.swift in Sources */,
				B78D5F35239B08B700D4E6EE /* AppDelegate.swift in Sources */,
				B78D5F37239B08B700D4E6EE /* SceneDelegate.swift in Sources */,
			);
			runOnlyForDeploymentPostprocessing = 0;
		};
/* End PBXSourcesBuildPhase section */

/* Begin PBXVariantGroup section */
		B78D5F3A239B08B700D4E6EE /* Main.storyboard */ = {
			isa = PBXVariantGroup;
			children = (
				B78D5F3B239B08B700D4E6EE /* Base */,
			);
			name = Main.storyboard;
			sourceTree = "<group>";
		};
		B78D5F3F239B08B900D4E6EE /* LaunchScreen.storyboard */ = {
			isa = PBXVariantGroup;
			children = (
				B78D5F40239B08B900D4E6EE /* Base */,
			);
			name = LaunchScreen.storyboard;
			sourceTree = "<group>";
		};
/* End PBXVariantGroup section */

/* Begin XCBuildConfiguration section */
		B78D5F43239B08B900D4E6EE /* Debug */ = {
			isa = XCBuildConfiguration;
			buildSettings = {
				ALWAYS_SEARCH_USER_PATHS = NO;
				CLANG_ANALYZER_NONNULL = YES;
				CLANG_ANALYZER_NUMBER_OBJECT_CONVERSION = YES_AGGRESSIVE;
				CLANG_CXX_LANGUAGE_STANDARD = "gnu++14";
				CLANG_CXX_LIBRARY = "libc++";
				CLANG_ENABLE_MODULES = YES;
				CLANG_ENABLE_OBJC_ARC = YES;
				CLANG_ENABLE_OBJC_WEAK = YES;
				CLANG_WARN_BLOCK_CAPTURE_AUTORELEASING = YES;
				CLANG_WARN_BOOL_CONVERSION = YES;
				CLANG_WARN_COMMA = YES;
				CLANG_WARN_CONSTANT_CONVERSION = YES;
				CLANG_WARN_DEPRECATED_OBJC_IMPLEMENTATIONS = YES;
				CLANG_WARN_DIRECT_OBJC_ISA_USAGE = YES_ERROR;
				CLANG_WARN_DOCUMENTATION_COMMENTS = YES;
				CLANG_WARN_EMPTY_BODY = YES;
				CLANG_WARN_ENUM_CONVERSION = YES;
				CLANG_WARN_INFINITE_RECURSION = YES;
				CLANG_WARN_INT_CONVERSION = YES;
				CLANG_WARN_NON_LITERAL_NULL_CONVERSION = YES;
				CLANG_WARN_OBJC_IMPLICIT_RETAIN_SELF = YES;
				CLANG_WARN_OBJC_LITERAL_CONVERSION = YES;
				CLANG_WARN_OBJC_ROOT_CLASS = YES_ERROR;
				CLANG_WARN_RANGE_LOOP_ANALYSIS = YES;
				CLANG_WARN_STRICT_PROTOTYPES = YES;
				CLANG_WARN_SUSPICIOUS_MOVE = YES;
				CLANG_WARN_UNGUARDED_AVAILABILITY = YES_AGGRESSIVE;
				CLANG_WARN_UNREACHABLE_CODE = YES;
				CLANG_WARN__DUPLICATE_METHOD_MATCH = YES;
				COPY_PHASE_STRIP = NO;
				DEBUG_INFORMATION_FORMAT = dwarf;
				ENABLE_STRICT_OBJC_MSGSEND = YES;
				ENABLE_TESTABILITY = YES;
				GCC_C_LANGUAGE_STANDARD = gnu11;
				GCC_DYNAMIC_NO_PIC = NO;
				GCC_NO_COMMON_BLOCKS = YES;
				GCC_OPTIMIZATION_LEVEL = 0;
				GCC_PREPROCESSOR_DEFINITIONS = (
					"DEBUG=1",
					"$(inherited)",
				);
				GCC_WARN_64_TO_32_BIT_CONVERSION = YES;
				GCC_WARN_ABOUT_RETURN_TYPE = YES_ERROR;
				GCC_WARN_UNDECLARED_SELECTOR = YES;
				GCC_WARN_UNINITIALIZED_AUTOS = YES_AGGRESSIVE;
				GCC_WARN_UNUSED_FUNCTION = YES;
				GCC_WARN_UNUSED_VARIABLE = YES;
				IPHONEOS_DEPLOYMENT_TARGET = 13.2;
				MTL_ENABLE_DEBUG_INFO = INCLUDE_SOURCE;
				MTL_FAST_MATH = YES;
				ONLY_ACTIVE_ARCH = YES;
				SDKROOT = iphoneos;
				SWIFT_ACTIVE_COMPILATION_CONDITIONS = DEBUG;
				SWIFT_OPTIMIZATION_LEVEL = "-Onone";
			};
			name = Debug;
		};
		B78D5F44239B08B900D4E6EE /* Release */ = {
			isa = XCBuildConfiguration;
			buildSettings = {
				ALWAYS_SEARCH_USER_PATHS = NO;
				CLANG_ANALYZER_NONNULL = YES;
				CLANG_ANALYZER_NUMBER_OBJECT_CONVERSION = YES_AGGRESSIVE;
				CLANG_CXX_LANGUAGE_STANDARD = "gnu++14";
				CLANG_CXX_LIBRARY = "libc++";
				CLANG_ENABLE_MODULES = YES;
				CLANG_ENABLE_OBJC_ARC = YES;
				CLANG_ENABLE_OBJC_WEAK = YES;
				CLANG_WARN_BLOCK_CAPTURE_AUTORELEASING = YES;
				CLANG_WARN_BOOL_CONVERSION = YES;
				CLANG_WARN_COMMA = YES;
				CLANG_WARN_CONSTANT_CONVERSION = YES;
				CLANG_WARN_DEPRECATED_OBJC_IMPLEMENTATIONS = YES;
				CLANG_WARN_DIRECT_OBJC_ISA_USAGE = YES_ERROR;
				CLANG_WARN_DOCUMENTATION_COMMENTS = YES;
				CLANG_WARN_EMPTY_BODY = YES;
				CLANG_WARN_ENUM_CONVERSION = YES;
				CLANG_WARN_INFINITE_RECURSION = YES;
				CLANG_WARN_INT_CONVERSION = YES;
				CLANG_WARN_NON_LITERAL_NULL_CONVERSION = YES;
				CLANG_WARN_OBJC_IMPLICIT_RETAIN_SELF = YES;
				CLANG_WARN_OBJC_LITERAL_CONVERSION = YES;
				CLANG_WARN_OBJC_ROOT_CLASS = YES_ERROR;
				CLANG_WARN_RANGE_LOOP_ANALYSIS = YES;
				CLANG_WARN_STRICT_PROTOTYPES = YES;
				CLANG_WARN_SUSPICIOUS_MOVE = YES;
				CLANG_WARN_UNGUARDED_AVAILABILITY = YES_AGGRESSIVE;
				CLANG_WARN_UNREACHABLE_CODE = YES;
				CLANG_WARN__DUPLICATE_METHOD_MATCH = YES;
				COPY_PHASE_STRIP = NO;
				DEBUG_INFORMATION_FORMAT = "dwarf-with-dsym";
				ENABLE_NS_ASSERTIONS = NO;
				ENABLE_STRICT_OBJC_MSGSEND = YES;
				GCC_C_LANGUAGE_STANDARD = gnu11;
				GCC_NO_COMMON_BLOCKS = YES;
				GCC_WARN_64_TO_32_BIT_CONVERSION = YES;
				GCC_WARN_ABOUT_RETURN_TYPE = YES_ERROR;
				GCC_WARN_UNDECLARED_SELECTOR = YES;
				GCC_WARN_UNINITIALIZED_AUTOS = YES_AGGRESSIVE;
				GCC_WARN_UNUSED_FUNCTION = YES;
				GCC_WARN_UNUSED_VARIABLE = YES;
				IPHONEOS_DEPLOYMENT_TARGET = 13.2;
				MTL_ENABLE_DEBUG_INFO = NO;
				MTL_FAST_MATH = YES;
				SDKROOT = iphoneos;
				SWIFT_COMPILATION_MODE = wholemodule;
				SWIFT_OPTIMIZATION_LEVEL = "-O";
				VALIDATE_PRODUCT = YES;
			};
			name = Release;
		};
		B78D5F46239B08B900D4E6EE /* Debug */ = {
			isa = XCBuildConfiguration;
			buildSettings = {
				ASSETCATALOG_COMPILER_APPICON_NAME = AppIcon;
				CODE_SIGN_STYLE = Automatic;
				DEVELOPMENT_TEAM = 879MP5M96B;
				INFOPLIST_FILE = XKCDComicViewer/Info.plist;
				LD_RUNPATH_SEARCH_PATHS = (
					"$(inherited)",
					"@executable_path/Frameworks",
				);
				PRODUCT_BUNDLE_IDENTIFIER = com.brendoncecilio.XKCDComicViewer;
				PRODUCT_NAME = "$(TARGET_NAME)";
				SWIFT_VERSION = 5.0;
				TARGETED_DEVICE_FAMILY = "1,2";
			};
			name = Debug;
		};
		B78D5F47239B08B900D4E6EE /* Release */ = {
			isa = XCBuildConfiguration;
			buildSettings = {
				ASSETCATALOG_COMPILER_APPICON_NAME = AppIcon;
				CODE_SIGN_STYLE = Automatic;
				DEVELOPMENT_TEAM = 879MP5M96B;
				INFOPLIST_FILE = XKCDComicViewer/Info.plist;
				LD_RUNPATH_SEARCH_PATHS = (
					"$(inherited)",
					"@executable_path/Frameworks",
				);
				PRODUCT_BUNDLE_IDENTIFIER = com.brendoncecilio.XKCDComicViewer;
				PRODUCT_NAME = "$(TARGET_NAME)";
				SWIFT_VERSION = 5.0;
				TARGETED_DEVICE_FAMILY = "1,2";
			};
			name = Release;
		};
/* End XCBuildConfiguration section */

/* Begin XCConfigurationList section */
		B78D5F2C239B08B700D4E6EE /* Build configuration list for PBXProject "XKCDComicViewer" */ = {
			isa = XCConfigurationList;
			buildConfigurations = (
				B78D5F43239B08B900D4E6EE /* Debug */,
				B78D5F44239B08B900D4E6EE /* Release */,
			);
			defaultConfigurationIsVisible = 0;
			defaultConfigurationName = Release;
		};
		B78D5F45239B08B900D4E6EE /* Build configuration list for PBXNativeTarget "XKCDComicViewer" */ = {
			isa = XCConfigurationList;
			buildConfigurations = (
				B78D5F46239B08B900D4E6EE /* Debug */,
				B78D5F47239B08B900D4E6EE /* Release */,
			);
			defaultConfigurationIsVisible = 0;
			defaultConfigurationName = Release;
		};
/* End XCConfigurationList section */
	};
	rootObject = B78D5F29239B08B700D4E6EE /* Project object */;
}
