// !$*UTF8*$!
{
	archiveVersion = 1;
	classes = {
	};
	objectVersion = 50;
	objects = {

/* Begin PBXBuildFile section */
		B72D2B6323A1A2FD00E4D587 /* DetailController.swift in Sources */ = {isa = PBXBuildFile; fileRef = B72D2B6223A1A2FD00E4D587 /* DetailController.swift */; };
		B78D5F55239B0A3500D4E6EE /* AppDelegate.swift in Sources */ = {isa = PBXBuildFile; fileRef = B78D5F54239B0A3500D4E6EE /* AppDelegate.swift */; };
		B78D5F57239B0A3500D4E6EE /* SceneDelegate.swift in Sources */ = {isa = PBXBuildFile; fileRef = B78D5F56239B0A3500D4E6EE /* SceneDelegate.swift */; };
		B78D5F59239B0A3500D4E6EE /* ViewController.swift in Sources */ = {isa = PBXBuildFile; fileRef = B78D5F58239B0A3500D4E6EE /* ViewController.swift */; };
		B78D5F5C239B0A3500D4E6EE /* Main.storyboard in Resources */ = {isa = PBXBuildFile; fileRef = B78D5F5A239B0A3500D4E6EE /* Main.storyboard */; };
		B78D5F5E239B0A3600D4E6EE /* Assets.xcassets in Resources */ = {isa = PBXBuildFile; fileRef = B78D5F5D239B0A3600D4E6EE /* Assets.xcassets */; };
		B78D5F61239B0A3600D4E6EE /* LaunchScreen.storyboard in Resources */ = {isa = PBXBuildFile; fileRef = B78D5F5F239B0A3600D4E6EE /* LaunchScreen.storyboard */; };
		B7A42C9A23A08EA300DDA351 /* NetworkHelper.swift in Sources */ = {isa = PBXBuildFile; fileRef = B7A42C9923A08EA300DDA351 /* NetworkHelper.swift */; };
		B7A42C9C23A08ED200DDA351 /* AppError.swift in Sources */ = {isa = PBXBuildFile; fileRef = B7A42C9B23A08ED200DDA351 /* AppError.swift */; };
		B7A42C9E23A08EF600DDA351 /* PokemonData.swift in Sources */ = {isa = PBXBuildFile; fileRef = B7A42C9D23A08EF600DDA351 /* PokemonData.swift */; };
		B7A42CA023A0904F00DDA351 /* PokemonCardAPI.swift in Sources */ = {isa = PBXBuildFile; fileRef = B7A42C9F23A0904F00DDA351 /* PokemonCardAPI.swift */; };
		B7F54E7A23A2D32700856FC9 /* UIImageView+Extensions.swift in Sources */ = {isa = PBXBuildFile; fileRef = B7F54E7923A2D32700856FC9 /* UIImageView+Extensions.swift */; };
/* End PBXBuildFile section */

/* Begin PBXFileReference section */
		B72D2B6223A1A2FD00E4D587 /* DetailController.swift */ = {isa = PBXFileReference; lastKnownFileType = sourcecode.swift; path = DetailController.swift; sourceTree = "<group>"; };
		B78D5F51239B0A3500D4E6EE /* PokemonCards.app */ = {isa = PBXFileReference; explicitFileType = wrapper.application; includeInIndex = 0; path = PokemonCards.app; sourceTree = BUILT_PRODUCTS_DIR; };
		B78D5F54239B0A3500D4E6EE /* AppDelegate.swift */ = {isa = PBXFileReference; lastKnownFileType = sourcecode.swift; path = AppDelegate.swift; sourceTree = "<group>"; };
		B78D5F56239B0A3500D4E6EE /* SceneDelegate.swift */ = {isa = PBXFileReference; lastKnownFileType = sourcecode.swift; path = SceneDelegate.swift; sourceTree = "<group>"; };
		B78D5F58239B0A3500D4E6EE /* ViewController.swift */ = {isa = PBXFileReference; lastKnownFileType = sourcecode.swift; path = ViewController.swift; sourceTree = "<group>"; };
		B78D5F5B239B0A3500D4E6EE /* Base */ = {isa = PBXFileReference; lastKnownFileType = file.storyboard; name = Base; path = Base.lproj/Main.storyboard; sourceTree = "<group>"; };
		B78D5F5D239B0A3600D4E6EE /* Assets.xcassets */ = {isa = PBXFileReference; lastKnownFileType = folder.assetcatalog; path = Assets.xcassets; sourceTree = "<group>"; };
		B78D5F60239B0A3600D4E6EE /* Base */ = {isa = PBXFileReference; lastKnownFileType = file.storyboard; name = Base; path = Base.lproj/LaunchScreen.storyboard; sourceTree = "<group>"; };
		B78D5F62239B0A3600D4E6EE /* Info.plist */ = {isa = PBXFileReference; lastKnownFileType = text.plist.xml; path = Info.plist; sourceTree = "<group>"; };
		B7A42C9923A08EA300DDA351 /* NetworkHelper.swift */ = {isa = PBXFileReference; lastKnownFileType = sourcecode.swift; path = NetworkHelper.swift; sourceTree = "<group>"; };
		B7A42C9B23A08ED200DDA351 /* AppError.swift */ = {isa = PBXFileReference; lastKnownFileType = sourcecode.swift; path = AppError.swift; sourceTree = "<group>"; };
		B7A42C9D23A08EF600DDA351 /* PokemonData.swift */ = {isa = PBXFileReference; lastKnownFileType = sourcecode.swift; path = PokemonData.swift; sourceTree = "<group>"; };
		B7A42C9F23A0904F00DDA351 /* PokemonCardAPI.swift */ = {isa = PBXFileReference; lastKnownFileType = sourcecode.swift; path = PokemonCardAPI.swift; sourceTree = "<group>"; };
		B7F54E7923A2D32700856FC9 /* UIImageView+Extensions.swift */ = {isa = PBXFileReference; lastKnownFileType = sourcecode.swift; path = "UIImageView+Extensions.swift"; sourceTree = "<group>"; };
/* End PBXFileReference section */

/* Begin PBXFrameworksBuildPhase section */
		B78D5F4E239B0A3500D4E6EE /* Frameworks */ = {
			isa = PBXFrameworksBuildPhase;
			buildActionMask = 2147483647;
			files = (
			);
			runOnlyForDeploymentPostprocessing = 0;
		};
/* End PBXFrameworksBuildPhase section */

/* Begin PBXGroup section */
		B78D5F48239B0A3500D4E6EE = {
			isa = PBXGroup;
			children = (
				B78D5F53239B0A3500D4E6EE /* PokemonCards */,
				B78D5F52239B0A3500D4E6EE /* Products */,
			);
			sourceTree = "<group>";
		};
		B78D5F52239B0A3500D4E6EE /* Products */ = {
			isa = PBXGroup;
			children = (
				B78D5F51239B0A3500D4E6EE /* PokemonCards.app */,
			);
			name = Products;
			sourceTree = "<group>";
		};
		B78D5F53239B0A3500D4E6EE /* PokemonCards */ = {
			isa = PBXGroup;
			children = (
				B78D5F54239B0A3500D4E6EE /* AppDelegate.swift */,
				B78D5F56239B0A3500D4E6EE /* SceneDelegate.swift */,
				B78D5F58239B0A3500D4E6EE /* ViewController.swift */,
				B78D5F5A239B0A3500D4E6EE /* Main.storyboard */,
				B7F54E7923A2D32700856FC9 /* UIImageView+Extensions.swift */,
				B72D2B6223A1A2FD00E4D587 /* DetailController.swift */,
				B7A42C9D23A08EF600DDA351 /* PokemonData.swift */,
				B7A42C9F23A0904F00DDA351 /* PokemonCardAPI.swift */,
				B7A42C9923A08EA300DDA351 /* NetworkHelper.swift */,
				B7A42C9B23A08ED200DDA351 /* AppError.swift */,
				B78D5F5D239B0A3600D4E6EE /* Assets.xcassets */,
				B78D5F5F239B0A3600D4E6EE /* LaunchScreen.storyboard */,
				B78D5F62239B0A3600D4E6EE /* Info.plist */,
			);
			path = PokemonCards;
			sourceTree = "<group>";
		};
/* End PBXGroup section */

/* Begin PBXNativeTarget section */
		B78D5F50239B0A3500D4E6EE /* PokemonCards */ = {
			isa = PBXNativeTarget;
			buildConfigurationList = B78D5F65239B0A3600D4E6EE /* Build configuration list for PBXNativeTarget "PokemonCards" */;
			buildPhases = (
				B78D5F4D239B0A3500D4E6EE /* Sources */,
				B78D5F4E239B0A3500D4E6EE /* Frameworks */,
				B78D5F4F239B0A3500D4E6EE /* Resources */,
			);
			buildRules = (
			);
			dependencies = (
			);
			name = PokemonCards;
			productName = PokemonCards;
			productReference = B78D5F51239B0A3500D4E6EE /* PokemonCards.app */;
			productType = "com.apple.product-type.application";
		};
/* End PBXNativeTarget section */

/* Begin PBXProject section */
		B78D5F49239B0A3500D4E6EE /* Project object */ = {
			isa = PBXProject;
			attributes = {
				LastSwiftUpdateCheck = 1120;
				LastUpgradeCheck = 1120;
				ORGANIZATIONNAME = "Brendon Cecilio";
				TargetAttributes = {
					B78D5F50239B0A3500D4E6EE = {
						CreatedOnToolsVersion = 11.2.1;
					};
				};
			};
			buildConfigurationList = B78D5F4C239B0A3500D4E6EE /* Build configuration list for PBXProject "PokemonCards" */;
			compatibilityVersion = "Xcode 9.3";
			developmentRegion = en;
			hasScannedForEncodings = 0;
			knownRegions = (
				en,
				Base,
			);
			mainGroup = B78D5F48239B0A3500D4E6EE;
			productRefGroup = B78D5F52239B0A3500D4E6EE /* Products */;
			projectDirPath = "";
			projectRoot = "";
			targets = (
				B78D5F50239B0A3500D4E6EE /* PokemonCards */,
			);
		};
/* End PBXProject section */

/* Begin PBXResourcesBuildPhase section */
		B78D5F4F239B0A3500D4E6EE /* Resources */ = {
			isa = PBXResourcesBuildPhase;
			buildActionMask = 2147483647;
			files = (
				B78D5F61239B0A3600D4E6EE /* LaunchScreen.storyboard in Resources */,
				B78D5F5E239B0A3600D4E6EE /* Assets.xcassets in Resources */,
				B78D5F5C239B0A3500D4E6EE /* Main.storyboard in Resources */,
			);
			runOnlyForDeploymentPostprocessing = 0;
		};
/* End PBXResourcesBuildPhase section */

/* Begin PBXSourcesBuildPhase section */
		B78D5F4D239B0A3500D4E6EE /* Sources */ = {
			isa = PBXSourcesBuildPhase;
			buildActionMask = 2147483647;
			files = (
				B72D2B6323A1A2FD00E4D587 /* DetailController.swift in Sources */,
				B7A42C9A23A08EA300DDA351 /* NetworkHelper.swift in Sources */,
				B7A42C9E23A08EF600DDA351 /* PokemonData.swift in Sources */,
				B7F54E7A23A2D32700856FC9 /* UIImageView+Extensions.swift in Sources */,
				B78D5F59239B0A3500D4E6EE /* ViewController.swift in Sources */,
				B7A42C9C23A08ED200DDA351 /* AppError.swift in Sources */,
				B78D5F55239B0A3500D4E6EE /* AppDelegate.swift in Sources */,
				B7A42CA023A0904F00DDA351 /* PokemonCardAPI.swift in Sources */,
				B78D5F57239B0A3500D4E6EE /* SceneDelegate.swift in Sources */,
			);
			runOnlyForDeploymentPostprocessing = 0;
		};
/* End PBXSourcesBuildPhase section */

/* Begin PBXVariantGroup section */
		B78D5F5A239B0A3500D4E6EE /* Main.storyboard */ = {
			isa = PBXVariantGroup;
			children = (
				B78D5F5B239B0A3500D4E6EE /* Base */,
			);
			name = Main.storyboard;
			sourceTree = "<group>";
		};
		B78D5F5F239B0A3600D4E6EE /* LaunchScreen.storyboard */ = {
			isa = PBXVariantGroup;
			children = (
				B78D5F60239B0A3600D4E6EE /* Base */,
			);
			name = LaunchScreen.storyboard;
			sourceTree = "<group>";
		};
/* End PBXVariantGroup section */

/* Begin XCBuildConfiguration section */
		B78D5F63239B0A3600D4E6EE /* Debug */ = {
			isa = XCBuildConfiguration;
			buildSettings = {
				ALWAYS_SEARCH_USER_PATHS = NO;
				CLANG_ANALYZER_NONNULL = YES;
				CLANG_ANALYZER_NUMBER_OBJECT_CONVERSION = YES_AGGRESSIVE;
				CLANG_CXX_LANGUAGE_STANDARD = "gnu++14";
				CLANG_CXX_LIBRARY = "libc++";
				CLANG_ENABLE_MODULES = YES;
				CLANG_ENABLE_OBJC_ARC = YES;
				CLANG_ENABLE_OBJC_WEAK = YES;
				CLANG_WARN_BLOCK_CAPTURE_AUTORELEASING = YES;
				CLANG_WARN_BOOL_CONVERSION = YES;
				CLANG_WARN_COMMA = YES;
				CLANG_WARN_CONSTANT_CONVERSION = YES;
				CLANG_WARN_DEPRECATED_OBJC_IMPLEMENTATIONS = YES;
				CLANG_WARN_DIRECT_OBJC_ISA_USAGE = YES_ERROR;
				CLANG_WARN_DOCUMENTATION_COMMENTS = YES;
				CLANG_WARN_EMPTY_BODY = YES;
				CLANG_WARN_ENUM_CONVERSION = YES;
				CLANG_WARN_INFINITE_RECURSION = YES;
				CLANG_WARN_INT_CONVERSION = YES;
				CLANG_WARN_NON_LITERAL_NULL_CONVERSION = YES;
				CLANG_WARN_OBJC_IMPLICIT_RETAIN_SELF = YES;
				CLANG_WARN_OBJC_LITERAL_CONVERSION = YES;
				CLANG_WARN_OBJC_ROOT_CLASS = YES_ERROR;
				CLANG_WARN_RANGE_LOOP_ANALYSIS = YES;
				CLANG_WARN_STRICT_PROTOTYPES = YES;
				CLANG_WARN_SUSPICIOUS_MOVE = YES;
				CLANG_WARN_UNGUARDED_AVAILABILITY = YES_AGGRESSIVE;
				CLANG_WARN_UNREACHABLE_CODE = YES;
				CLANG_WARN__DUPLICATE_METHOD_MATCH = YES;
				COPY_PHASE_STRIP = NO;
				DEBUG_INFORMATION_FORMAT = dwarf;
				ENABLE_STRICT_OBJC_MSGSEND = YES;
				ENABLE_TESTABILITY = YES;
				GCC_C_LANGUAGE_STANDARD = gnu11;
				GCC_DYNAMIC_NO_PIC = NO;
				GCC_NO_COMMON_BLOCKS = YES;
				GCC_OPTIMIZATION_LEVEL = 0;
				GCC_PREPROCESSOR_DEFINITIONS = (
					"DEBUG=1",
					"$(inherited)",
				);
				GCC_WARN_64_TO_32_BIT_CONVERSION = YES;
				GCC_WARN_ABOUT_RETURN_TYPE = YES_ERROR;
				GCC_WARN_UNDECLARED_SELECTOR = YES;
				GCC_WARN_UNINITIALIZED_AUTOS = YES_AGGRESSIVE;
				GCC_WARN_UNUSED_FUNCTION = YES;
				GCC_WARN_UNUSED_VARIABLE = YES;
				IPHONEOS_DEPLOYMENT_TARGET = 13.2;
				MTL_ENABLE_DEBUG_INFO = INCLUDE_SOURCE;
				MTL_FAST_MATH = YES;
				ONLY_ACTIVE_ARCH = YES;
				SDKROOT = iphoneos;
				SWIFT_ACTIVE_COMPILATION_CONDITIONS = DEBUG;
				SWIFT_OPTIMIZATION_LEVEL = "-Onone";
			};
			name = Debug;
		};
		B78D5F64239B0A3600D4E6EE /* Release */ = {
			isa = XCBuildConfiguration;
			buildSettings = {
				ALWAYS_SEARCH_USER_PATHS = NO;
				CLANG_ANALYZER_NONNULL = YES;
				CLANG_ANALYZER_NUMBER_OBJECT_CONVERSION = YES_AGGRESSIVE;
				CLANG_CXX_LANGUAGE_STANDARD = "gnu++14";
				CLANG_CXX_LIBRARY = "libc++";
				CLANG_ENABLE_MODULES = YES;
				CLANG_ENABLE_OBJC_ARC = YES;
				CLANG_ENABLE_OBJC_WEAK = YES;
				CLANG_WARN_BLOCK_CAPTURE_AUTORELEASING = YES;
				CLANG_WARN_BOOL_CONVERSION = YES;
				CLANG_WARN_COMMA = YES;
				CLANG_WARN_CONSTANT_CONVERSION = YES;
				CLANG_WARN_DEPRECATED_OBJC_IMPLEMENTATIONS = YES;
				CLANG_WARN_DIRECT_OBJC_ISA_USAGE = YES_ERROR;
				CLANG_WARN_DOCUMENTATION_COMMENTS = YES;
				CLANG_WARN_EMPTY_BODY = YES;
				CLANG_WARN_ENUM_CONVERSION = YES;
				CLANG_WARN_INFINITE_RECURSION = YES;
				CLANG_WARN_INT_CONVERSION = YES;
				CLANG_WARN_NON_LITERAL_NULL_CONVERSION = YES;
				CLANG_WARN_OBJC_IMPLICIT_RETAIN_SELF = YES;
				CLANG_WARN_OBJC_LITERAL_CONVERSION = YES;
				CLANG_WARN_OBJC_ROOT_CLASS = YES_ERROR;
				CLANG_WARN_RANGE_LOOP_ANALYSIS = YES;
				CLANG_WARN_STRICT_PROTOTYPES = YES;
				CLANG_WARN_SUSPICIOUS_MOVE = YES;
				CLANG_WARN_UNGUARDED_AVAILABILITY = YES_AGGRESSIVE;
				CLANG_WARN_UNREACHABLE_CODE = YES;
				CLANG_WARN__DUPLICATE_METHOD_MATCH = YES;
				COPY_PHASE_STRIP = NO;
				DEBUG_INFORMATION_FORMAT = "dwarf-with-dsym";
				ENABLE_NS_ASSERTIONS = NO;
				ENABLE_STRICT_OBJC_MSGSEND = YES;
				GCC_C_LANGUAGE_STANDARD = gnu11;
				GCC_NO_COMMON_BLOCKS = YES;
				GCC_WARN_64_TO_32_BIT_CONVERSION = YES;
				GCC_WARN_ABOUT_RETURN_TYPE = YES_ERROR;
				GCC_WARN_UNDECLARED_SELECTOR = YES;
				GCC_WARN_UNINITIALIZED_AUTOS = YES_AGGRESSIVE;
				GCC_WARN_UNUSED_FUNCTION = YES;
				GCC_WARN_UNUSED_VARIABLE = YES;
				IPHONEOS_DEPLOYMENT_TARGET = 13.2;
				MTL_ENABLE_DEBUG_INFO = NO;
				MTL_FAST_MATH = YES;
				SDKROOT = iphoneos;
				SWIFT_COMPILATION_MODE = wholemodule;
				SWIFT_OPTIMIZATION_LEVEL = "-O";
				VALIDATE_PRODUCT = YES;
			};
			name = Release;
		};
		B78D5F66239B0A3600D4E6EE /* Debug */ = {
			isa = XCBuildConfiguration;
			buildSettings = {
				ASSETCATALOG_COMPILER_APPICON_NAME = AppIcon;
				CODE_SIGN_STYLE = Automatic;
				DEVELOPMENT_TEAM = 879MP5M96B;
				INFOPLIST_FILE = PokemonCards/Info.plist;
				LD_RUNPATH_SEARCH_PATHS = (
					"$(inherited)",
					"@executable_path/Frameworks",
				);
				PRODUCT_BUNDLE_IDENTIFIER = com.brendoncecilio.PokemonCards;
				PRODUCT_NAME = "$(TARGET_NAME)";
				SWIFT_VERSION = 5.0;
				TARGETED_DEVICE_FAMILY = "1,2";
			};
			name = Debug;
		};
		B78D5F67239B0A3600D4E6EE /* Release */ = {
			isa = XCBuildConfiguration;
			buildSettings = {
				ASSETCATALOG_COMPILER_APPICON_NAME = AppIcon;
				CODE_SIGN_STYLE = Automatic;
				DEVELOPMENT_TEAM = 879MP5M96B;
				INFOPLIST_FILE = PokemonCards/Info.plist;
				LD_RUNPATH_SEARCH_PATHS = (
					"$(inherited)",
					"@executable_path/Frameworks",
				);
				PRODUCT_BUNDLE_IDENTIFIER = com.brendoncecilio.PokemonCards;
				PRODUCT_NAME = "$(TARGET_NAME)";
				SWIFT_VERSION = 5.0;
				TARGETED_DEVICE_FAMILY = "1,2";
			};
			name = Release;
		};
/* End XCBuildConfiguration section */

/* Begin XCConfigurationList section */
		B78D5F4C239B0A3500D4E6EE /* Build configuration list for PBXProject "PokemonCards" */ = {
			isa = XCConfigurationList;
			buildConfigurations = (
				B78D5F63239B0A3600D4E6EE /* Debug */,
				B78D5F64239B0A3600D4E6EE /* Release */,
			);
			defaultConfigurationIsVisible = 0;
			defaultConfigurationName = Release;
		};
		B78D5F65239B0A3600D4E6EE /* Build configuration list for PBXNativeTarget "PokemonCards" */ = {
			isa = XCConfigurationList;
			buildConfigurations = (
				B78D5F66239B0A3600D4E6EE /* Debug */,
				B78D5F67239B0A3600D4E6EE /* Release */,
			);
			defaultConfigurationIsVisible = 0;
			defaultConfigurationName = Release;
		};
/* End XCConfigurationList section */
	};
	rootObject = B78D5F49239B0A3500D4E6EE /* Project object */;
}
